
Microsoft Visual Studio Solution File, Format Version 12.00
# Visual Studio Version 16
VisualStudioVersion = 25.0.1700.7
MinimumVisualStudioVersion = 10.0.40219.1
Project("{FAE04EC0-301F-11D3-BF4B-00C04F79EFBC}") = "todoproject", "todoproject.csproj", "{0DE019DC-AABC-431C-80FE-DFC6E8EDCEA0}"
EndProject
Global
	GlobalSection(SolutionConfigurationPlatforms) = preSolution
		Debug|Any CPU = Debug|Any CPU
		Release|Any CPU = Release|Any CPU
	EndGlobalSection
	GlobalSection(ProjectConfigurationPlatforms) = postSolution
		{0DE019DC-AABC-431C-80FE-DFC6E8EDCEA0}.Debug|Any CPU.ActiveCfg = Debug|Any CPU
		{0DE019DC-AABC-431C-80FE-DFC6E8EDCEA0}.Debug|Any CPU.Build.0 = Debug|Any CPU
		{0DE019DC-AABC-431C-80FE-DFC6E8EDCEA0}.Release|Any CPU.ActiveCfg = Release|Any CPU
		{0DE019DC-AABC-431C-80FE-DFC6E8EDCEA0}.Release|Any CPU.Build.0 = Release|Any CPU
	EndGlobalSection
	GlobalSection(SolutionProperties) = preSolution
		HideSolutionNode = FALSE
	EndGlobalSection
	GlobalSection(ExtensibilityGlobals) = postSolution
		SolutionGuid = {18A413CE-3369-4320-9487-86A714C2CBB1}
	EndGlobalSection
EndGlobal
